
Microsoft Visual Studio Solution File, Format Version 12.00
# Visual Studio 15
VisualStudioVersion = 15.0.28307.645
MinimumVisualStudioVersion = 10.0.40219.1
Project("{FAE04EC0-301F-11D3-BF4B-00C04F79EFBC}") = "COMP123-S2019-FinalTest-301036444", "COMP123-S2019-FinalTest-301036444\COMP123-S2019-FinalTest-301036444.csproj", "{0A0C6C77-3173-42B5-B2FA-49660167F6DF}"
EndProject
Global
	GlobalSection(SolutionConfigurationPlatforms) = preSolution
		Debug|Any CPU = Debug|Any CPU
		Release|Any CPU = Release|Any CPU
	EndGlobalSection
	GlobalSection(ProjectConfigurationPlatforms) = postSolution
		{0A0C6C77-3173-42B5-B2FA-49660167F6DF}.Debug|Any CPU.ActiveCfg = Debug|Any CPU
		{0A0C6C77-3173-42B5-B2FA-49660167F6DF}.Debug|Any CPU.Build.0 = Debug|Any CPU
		{0A0C6C77-3173-42B5-B2FA-49660167F6DF}.Release|Any CPU.ActiveCfg = Release|Any CPU
		{0A0C6C77-3173-42B5-B2FA-49660167F6DF}.Release|Any CPU.Build.0 = Release|Any CPU
	EndGlobalSection
	GlobalSection(SolutionProperties) = preSolution
		HideSolutionNode = FALSE
	EndGlobalSection
	GlobalSection(ExtensibilityGlobals) = postSolution
		SolutionGuid = {52F670F3-7C19-4A66-9A9F-58BCDDCD4014}
	EndGlobalSection
EndGlobal
